{
  "name": "web-lib",
  "version": "0.1.0",
  "lockfileVersion": 3,
  "requires": true,
  "packages": {
    "": {
      "name": "web-lib",
      "version": "0.1.0",
      "license": "MIT",
      "dependencies": {
        "@tauri-apps/api": "^2",
        "@tauri-apps/plugin-log": "^2.0.1",
        "@tauri-apps/plugin-shell": "^2",
        "@tauri-apps/plugin-updater": "^2.0.0"
      },
      "devDependencies": {
        "user-agent-data-types": "^0.4.2"
      }
    },
    "node_modules/@tauri-apps/api": {
      "version": "2.1.1",
      "resolved": "https://registry.npmjs.org/@tauri-apps/api/-/api-2.1.1.tgz",
      "integrity": "sha512-fzUfFFKo4lknXGJq8qrCidkUcKcH2UHhfaaCNt4GzgzGaW2iS26uFOg4tS3H4P8D6ZEeUxtiD5z0nwFF0UN30A==",
      "license": "Apache-2.0 OR MIT",
      "funding": {
        "type": "opencollective",
        "url": "https://opencollective.com/tauri"
      }
    },
    "node_modules/@tauri-apps/plugin-log": {
      "version": "2.0.1",
      "resolved": "https://registry.npmjs.org/@tauri-apps/plugin-log/-/plugin-log-2.0.1.tgz",
      "integrity": "sha512-zFT3S/Q5liMKIjPPdUZL8aNbjvhHvyfkhuqct3/MQ6/7rk4ODstcUPu320KJBjZrNNH/UM+kaQBGrioIwtmP/Q==",
      "license": "MIT OR Apache-2.0",
      "dependencies": {
        "@tauri-apps/api": "^2.0.0"
      }
    },
    "node_modules/@tauri-apps/plugin-shell": {
      "version": "2.0.1",
      "resolved": "https://registry.npmjs.org/@tauri-apps/plugin-shell/-/plugin-shell-2.0.1.tgz",
      "integrity": "sha512-akU1b77sw3qHiynrK0s930y8zKmcdrSD60htjH+mFZqv5WaakZA/XxHR3/sF1nNv9Mgmt/Shls37HwnOr00aSw==",
      "license": "MIT OR Apache-2.0",
      "dependencies": {
        "@tauri-apps/api": "^2.0.0"
      }
    },
    "node_modules/@tauri-apps/plugin-updater": {
      "version": "2.0.0",
      "resolved": "https://registry.npmjs.org/@tauri-apps/plugin-updater/-/plugin-updater-2.0.0.tgz",
      "integrity": "sha512-N0cl71g7RPr7zK2Fe5aoIwzw14NcdLcz7XMGFWZVjprsqgDRWoxbnUkknyCQMZthjhGkppCd/wN2MIsUz+eAhQ==",
      "license": "MIT OR Apache-2.0",
      "dependencies": {
        "@tauri-apps/api": "^2.0.0"
      }
    },
    "node_modules/user-agent-data-types": {
      "version": "0.4.2",
      "resolved": "https://registry.npmjs.org/user-agent-data-types/-/user-agent-data-types-0.4.2.tgz",
      "integrity": "sha512-jXep3kO/dGNmDOkbDa8ccp4QArgxR4I76m3QVcJ1aOF0B9toc+YtSXtX5gLdDTZXyWlpQYQrABr6L1L2GZOghw==",
      "dev": true,
      "license": "MIT"
    }
  }
}
